// !$*UTF8*$!
{
	archiveVersion = 1;
	classes = {
	};
	objectVersion = 46;
	objects = {

/* Begin PBXBuildFile section */
		9A3949001BCFA506002EB950 /* QQShapeController.m in Sources */ = {isa = PBXBuildFile; fileRef = 9A3948FF1BCFA506002EB950 /* QQShapeController.m */; settings = {ASSET_TAGS = (); }; };
		9A3949061BCFAA2B002EB950 /* QQCircleViewController.m in Sources */ = {isa = PBXBuildFile; fileRef = 9A3949051BCFAA2B002EB950 /* QQCircleViewController.m */; settings = {ASSET_TAGS = (); }; };
		9A3949091BCFCE48002EB950 /* QQCircleBordViewController.m in Sources */ = {isa = PBXBuildFile; fileRef = 9A3949081BCFCE48002EB950 /* QQCircleBordViewController.m */; settings = {ASSET_TAGS = (); }; };
		9A39490C1BCFD107002EB950 /* PathAnimationController.m in Sources */ = {isa = PBXBuildFile; fileRef = 9A39490B1BCFD107002EB950 /* PathAnimationController.m */; settings = {ASSET_TAGS = (); }; };
		9A3949101BCFD573002EB950 /* FontViewController.m in Sources */ = {isa = PBXBuildFile; fileRef = 9A39490F1BCFD573002EB950 /* FontViewController.m */; settings = {ASSET_TAGS = (); }; };
		9A3949121BCFD628002EB950 /* CoreText.framework in Frameworks */ = {isa = PBXBuildFile; fileRef = 9A3949111BCFD628002EB950 /* CoreText.framework */; };
		9A39D4FC1BCCDCBA00D10357 /* main.m in Sources */ = {isa = PBXBuildFile; fileRef = 9A39D4FB1BCCDCBA00D10357 /* main.m */; };
		9A39D4FF1BCCDCBA00D10357 /* AppDelegate.m in Sources */ = {isa = PBXBuildFile; fileRef = 9A39D4FE1BCCDCBA00D10357 /* AppDelegate.m */; };
		9A39D5021BCCDCBA00D10357 /* ViewController.m in Sources */ = {isa = PBXBuildFile; fileRef = 9A39D5011BCCDCBA00D10357 /* ViewController.m */; };
		9A39D5051BCCDCBA00D10357 /* Main.storyboard in Resources */ = {isa = PBXBuildFile; fileRef = 9A39D5031BCCDCBA00D10357 /* Main.storyboard */; };
		9A39D5071BCCDCBA00D10357 /* Assets.xcassets in Resources */ = {isa = PBXBuildFile; fileRef = 9A39D5061BCCDCBA00D10357 /* Assets.xcassets */; };
		9A39D50A1BCCDCBA00D10357 /* LaunchScreen.storyboard in Resources */ = {isa = PBXBuildFile; fileRef = 9A39D5081BCCDCBA00D10357 /* LaunchScreen.storyboard */; };
		9A39D5281BCCE61300D10357 /* QQTransitionController.m in Sources */ = {isa = PBXBuildFile; fileRef = 9A39D5271BCCE61300D10357 /* QQTransitionController.m */; settings = {ASSET_TAGS = (); }; };
		9A39D52B1BCCE62100D10357 /* QQGroupController.m in Sources */ = {isa = PBXBuildFile; fileRef = 9A39D52A1BCCE62100D10357 /* QQGroupController.m */; settings = {ASSET_TAGS = (); }; };
		9A39D52E1BCCE62B00D10357 /* QQBaseController.m in Sources */ = {isa = PBXBuildFile; fileRef = 9A39D52D1BCCE62B00D10357 /* QQBaseController.m */; settings = {ASSET_TAGS = (); }; };
		9A39D5311BCCE63D00D10357 /* QQKeyController.m in Sources */ = {isa = PBXBuildFile; fileRef = 9A39D5301BCCE63D00D10357 /* QQKeyController.m */; settings = {ASSET_TAGS = (); }; };
		9A39D54A1BCCEB7200D10357 /* UIButton+Custom.m in Sources */ = {isa = PBXBuildFile; fileRef = 9A39D5491BCCEB7200D10357 /* UIButton+Custom.m */; settings = {ASSET_TAGS = (); }; };
/* End PBXBuildFile section */

/* Begin PBXFileReference section */
		9A3948FE1BCFA506002EB950 /* QQShapeController.h */ = {isa = PBXFileReference; fileEncoding = 4; lastKnownFileType = sourcecode.c.h; path = QQShapeController.h; sourceTree = "<group>"; };
		9A3948FF1BCFA506002EB950 /* QQShapeController.m */ = {isa = PBXFileReference; fileEncoding = 4; lastKnownFileType = sourcecode.c.objc; path = QQShapeController.m; sourceTree = "<group>"; };
		9A3949041BCFAA2B002EB950 /* QQCircleViewController.h */ = {isa = PBXFileReference; fileEncoding = 4; lastKnownFileType = sourcecode.c.h; path = QQCircleViewController.h; sourceTree = "<group>"; };
		9A3949051BCFAA2B002EB950 /* QQCircleViewController.m */ = {isa = PBXFileReference; fileEncoding = 4; lastKnownFileType = sourcecode.c.objc; path = QQCircleViewController.m; sourceTree = "<group>"; };
		9A3949071BCFCE48002EB950 /* QQCircleBordViewController.h */ = {isa = PBXFileReference; fileEncoding = 4; lastKnownFileType = sourcecode.c.h; path = QQCircleBordViewController.h; sourceTree = "<group>"; };
		9A3949081BCFCE48002EB950 /* QQCircleBordViewController.m */ = {isa = PBXFileReference; fileEncoding = 4; lastKnownFileType = sourcecode.c.objc; path = QQCircleBordViewController.m; sourceTree = "<group>"; };
		9A39490A1BCFD107002EB950 /* PathAnimationController.h */ = {isa = PBXFileReference; fileEncoding = 4; lastKnownFileType = sourcecode.c.h; path = PathAnimationController.h; sourceTree = "<group>"; };
		9A39490B1BCFD107002EB950 /* PathAnimationController.m */ = {isa = PBXFileReference; fileEncoding = 4; lastKnownFileType = sourcecode.c.objc; path = PathAnimationController.m; sourceTree = "<group>"; };
		9A39490E1BCFD573002EB950 /* FontViewController.h */ = {isa = PBXFileReference; fileEncoding = 4; lastKnownFileType = sourcecode.c.h; path = FontViewController.h; sourceTree = "<group>"; };
		9A39490F1BCFD573002EB950 /* FontViewController.m */ = {isa = PBXFileReference; fileEncoding = 4; lastKnownFileType = sourcecode.c.objc; path = FontViewController.m; sourceTree = "<group>"; };
		9A3949111BCFD628002EB950 /* CoreText.framework */ = {isa = PBXFileReference; lastKnownFileType = wrapper.framework; name = CoreText.framework; path = System/Library/Frameworks/CoreText.framework; sourceTree = SDKROOT; };
		9A39D4F71BCCDCBA00D10357 /* CoreAnimations.app */ = {isa = PBXFileReference; explicitFileType = wrapper.application; includeInIndex = 0; path = CoreAnimations.app; sourceTree = BUILT_PRODUCTS_DIR; };
		9A39D4FB1BCCDCBA00D10357 /* main.m */ = {isa = PBXFileReference; lastKnownFileType = sourcecode.c.objc; path = main.m; sourceTree = "<group>"; };
		9A39D4FD1BCCDCBA00D10357 /* AppDelegate.h */ = {isa = PBXFileReference; lastKnownFileType = sourcecode.c.h; path = AppDelegate.h; sourceTree = "<group>"; };
		9A39D4FE1BCCDCBA00D10357 /* AppDelegate.m */ = {isa = PBXFileReference; lastKnownFileType = sourcecode.c.objc; path = AppDelegate.m; sourceTree = "<group>"; };
		9A39D5001BCCDCBA00D10357 /* ViewController.h */ = {isa = PBXFileReference; lastKnownFileType = sourcecode.c.h; path = ViewController.h; sourceTree = "<group>"; };
		9A39D5011BCCDCBA00D10357 /* ViewController.m */ = {isa = PBXFileReference; lastKnownFileType = sourcecode.c.objc; path = ViewController.m; sourceTree = "<group>"; };
		9A39D5041BCCDCBA00D10357 /* Base */ = {isa = PBXFileReference; lastKnownFileType = file.storyboard; name = Base; path = Base.lproj/Main.storyboard; sourceTree = "<group>"; };
		9A39D5061BCCDCBA00D10357 /* Assets.xcassets */ = {isa = PBXFileReference; lastKnownFileType = folder.assetcatalog; path = Assets.xcassets; sourceTree = "<group>"; };
		9A39D5091BCCDCBA00D10357 /* Base */ = {isa = PBXFileReference; lastKnownFileType = file.storyboard; name = Base; path = Base.lproj/LaunchScreen.storyboard; sourceTree = "<group>"; };
		9A39D50B1BCCDCBA00D10357 /* Info.plist */ = {isa = PBXFileReference; lastKnownFileType = text.plist.xml; path = Info.plist; sourceTree = "<group>"; };
		9A39D5261BCCE61300D10357 /* QQTransitionController.h */ = {isa = PBXFileReference; fileEncoding = 4; lastKnownFileType = sourcecode.c.h; path = QQTransitionController.h; sourceTree = "<group>"; };
		9A39D5271BCCE61300D10357 /* QQTransitionController.m */ = {isa = PBXFileReference; fileEncoding = 4; lastKnownFileType = sourcecode.c.objc; path = QQTransitionController.m; sourceTree = "<group>"; };
		9A39D5291BCCE62100D10357 /* QQGroupController.h */ = {isa = PBXFileReference; fileEncoding = 4; lastKnownFileType = sourcecode.c.h; path = QQGroupController.h; sourceTree = "<group>"; };
		9A39D52A1BCCE62100D10357 /* QQGroupController.m */ = {isa = PBXFileReference; fileEncoding = 4; lastKnownFileType = sourcecode.c.objc; path = QQGroupController.m; sourceTree = "<group>"; };
		9A39D52C1BCCE62B00D10357 /* QQBaseController.h */ = {isa = PBXFileReference; fileEncoding = 4; lastKnownFileType = sourcecode.c.h; path = QQBaseController.h; sourceTree = "<group>"; };
		9A39D52D1BCCE62B00D10357 /* QQBaseController.m */ = {isa = PBXFileReference; fileEncoding = 4; lastKnownFileType = sourcecode.c.objc; path = QQBaseController.m; sourceTree = "<group>"; };
		9A39D52F1BCCE63D00D10357 /* QQKeyController.h */ = {isa = PBXFileReference; fileEncoding = 4; lastKnownFileType = sourcecode.c.h; path = QQKeyController.h; sourceTree = "<group>"; };
		9A39D5301BCCE63D00D10357 /* QQKeyController.m */ = {isa = PBXFileReference; fileEncoding = 4; lastKnownFileType = sourcecode.c.objc; path = QQKeyController.m; sourceTree = "<group>"; };
		9A39D5481BCCEB7200D10357 /* UIButton+Custom.h */ = {isa = PBXFileReference; fileEncoding = 4; lastKnownFileType = sourcecode.c.h; path = "UIButton+Custom.h"; sourceTree = "<group>"; };
		9A39D5491BCCEB7200D10357 /* UIButton+Custom.m */ = {isa = PBXFileReference; fileEncoding = 4; lastKnownFileType = sourcecode.c.objc; path = "UIButton+Custom.m"; sourceTree = "<group>"; };
/* End PBXFileReference section */

/* Begin PBXFrameworksBuildPhase section */
		9A39D4F41BCCDCBA00D10357 /* Frameworks */ = {
			isa = PBXFrameworksBuildPhase;
			buildActionMask = 2147483647;
			files = (
				9A3949121BCFD628002EB950 /* CoreText.framework in Frameworks */,
			);
			runOnlyForDeploymentPostprocessing = 0;
		};
/* End PBXFrameworksBuildPhase section */

/* Begin PBXGroup section */
		9A3948FD1BCFA47A002EB950 /* shape */ = {
			isa = PBXGroup;
			children = (
				9A39490D1BCFD10A002EB950 /* animations */,
				9A3948FE1BCFA506002EB950 /* QQShapeController.h */,
				9A3948FF1BCFA506002EB950 /* QQShapeController.m */,
			);
			path = shape;
			sourceTree = "<group>";
		};
		9A39490D1BCFD10A002EB950 /* animations */ = {
			isa = PBXGroup;
			children = (
				9A3949041BCFAA2B002EB950 /* QQCircleViewController.h */,
				9A3949051BCFAA2B002EB950 /* QQCircleViewController.m */,
				9A3949071BCFCE48002EB950 /* QQCircleBordViewController.h */,
				9A3949081BCFCE48002EB950 /* QQCircleBordViewController.m */,
				9A39490A1BCFD107002EB950 /* PathAnimationController.h */,
				9A39490B1BCFD107002EB950 /* PathAnimationController.m */,
				9A39490E1BCFD573002EB950 /* FontViewController.h */,
				9A39490F1BCFD573002EB950 /* FontViewController.m */,
			);
			name = animations;
			sourceTree = "<group>";
		};
		9A39D4EE1BCCDCBA00D10357 = {
			isa = PBXGroup;
			children = (
				9A39D4F91BCCDCBA00D10357 /* CoreAnimations */,
				9A39D4F81BCCDCBA00D10357 /* Products */,
				9A3949111BCFD628002EB950 /* CoreText.framework */,
			);
			sourceTree = "<group>";
		};
		9A39D4F81BCCDCBA00D10357 /* Products */ = {
			isa = PBXGroup;
			children = (
				9A39D4F71BCCDCBA00D10357 /* CoreAnimations.app */,
			);
			name = Products;
			sourceTree = "<group>";
		};
		9A39D4F91BCCDCBA00D10357 /* CoreAnimations */ = {
			isa = PBXGroup;
			children = (
				9A39D5321BCCEB1800D10357 /* tool */,
				9A3948FD1BCFA47A002EB950 /* shape */,
				9A39D5121BCCDD4200D10357 /* animations */,
				9A39D5111BCCDD3100D10357 /* app */,
				9A39D5031BCCDCBA00D10357 /* Main.storyboard */,
				9A39D5061BCCDCBA00D10357 /* Assets.xcassets */,
				9A39D5081BCCDCBA00D10357 /* LaunchScreen.storyboard */,
				9A39D50B1BCCDCBA00D10357 /* Info.plist */,
				9A39D4FA1BCCDCBA00D10357 /* Supporting Files */,
			);
			path = CoreAnimations;
			sourceTree = "<group>";
		};
		9A39D4FA1BCCDCBA00D10357 /* Supporting Files */ = {
			isa = PBXGroup;
			children = (
				9A39D4FB1BCCDCBA00D10357 /* main.m */,
			);
			name = "Supporting Files";
			sourceTree = "<group>";
		};
		9A39D5111BCCDD3100D10357 /* app */ = {
			isa = PBXGroup;
			children = (
				9A39D4FD1BCCDCBA00D10357 /* AppDelegate.h */,
				9A39D4FE1BCCDCBA00D10357 /* AppDelegate.m */,
				9A39D5001BCCDCBA00D10357 /* ViewController.h */,
				9A39D5011BCCDCBA00D10357 /* ViewController.m */,
			);
			name = app;
			sourceTree = "<group>";
		};
		9A39D5121BCCDD4200D10357 /* animations */ = {
			isa = PBXGroup;
			children = (
				9A39D51F1BCCE48200D10357 /* transition */,
				9A39D5141BCCDD4200D10357 /* group */,
				9A39D5151BCCDD4200D10357 /* property */,
			);
			path = animations;
			sourceTree = "<group>";
		};
		9A39D5141BCCDD4200D10357 /* group */ = {
			isa = PBXGroup;
			children = (
				9A39D5291BCCE62100D10357 /* QQGroupController.h */,
				9A39D52A1BCCE62100D10357 /* QQGroupController.m */,
			);
			path = group;
			sourceTree = "<group>";
		};
		9A39D5151BCCDD4200D10357 /* property */ = {
			isa = PBXGroup;
			children = (
				9A39D5211BCCE49800D10357 /* base */,
				9A39D5241BCCE49800D10357 /* keypath */,
			);
			path = property;
			sourceTree = "<group>";
		};
		9A39D51F1BCCE48200D10357 /* transition */ = {
			isa = PBXGroup;
			children = (
				9A39D5261BCCE61300D10357 /* QQTransitionController.h */,
				9A39D5271BCCE61300D10357 /* QQTransitionController.m */,
			);
			path = transition;
			sourceTree = "<group>";
		};
		9A39D5211BCCE49800D10357 /* base */ = {
			isa = PBXGroup;
			children = (
				9A39D52C1BCCE62B00D10357 /* QQBaseController.h */,
				9A39D52D1BCCE62B00D10357 /* QQBaseController.m */,
			);
			path = base;
			sourceTree = "<group>";
		};
		9A39D5241BCCE49800D10357 /* keypath */ = {
			isa = PBXGroup;
			children = (
				9A39D52F1BCCE63D00D10357 /* QQKeyController.h */,
				9A39D5301BCCE63D00D10357 /* QQKeyController.m */,
			);
			path = keypath;
			sourceTree = "<group>";
		};
		9A39D5321BCCEB1800D10357 /* tool */ = {
			isa = PBXGroup;
			children = (
				9A39D5481BCCEB7200D10357 /* UIButton+Custom.h */,
				9A39D5491BCCEB7200D10357 /* UIButton+Custom.m */,
			);
			path = tool;
			sourceTree = "<group>";
		};
/* End PBXGroup section */

/* Begin PBXNativeTarget section */
		9A39D4F61BCCDCBA00D10357 /* CoreAnimations */ = {
			isa = PBXNativeTarget;
			buildConfigurationList = 9A39D50E1BCCDCBA00D10357 /* Build configuration list for PBXNativeTarget "CoreAnimations" */;
			buildPhases = (
				9A39D4F31BCCDCBA00D10357 /* Sources */,
				9A39D4F41BCCDCBA00D10357 /* Frameworks */,
				9A39D4F51BCCDCBA00D10357 /* Resources */,
			);
			buildRules = (
			);
			dependencies = (
			);
			name = CoreAnimations;
			productName = CoreAnimations;
			productReference = 9A39D4F71BCCDCBA00D10357 /* CoreAnimations.app */;
			productType = "com.apple.product-type.application";
		};
/* End PBXNativeTarget section */

/* Begin PBXProject section */
		9A39D4EF1BCCDCBA00D10357 /* Project object */ = {
			isa = PBXProject;
			attributes = {
				LastUpgradeCheck = 0700;
				ORGANIZATIONNAME = tomxiang;
				TargetAttributes = {
					9A39D4F61BCCDCBA00D10357 = {
						CreatedOnToolsVersion = 7.0.1;
					};
				};
			};
			buildConfigurationList = 9A39D4F21BCCDCBA00D10357 /* Build configuration list for PBXProject "CoreAnimations" */;
			compatibilityVersion = "Xcode 3.2";
			developmentRegion = English;
			hasScannedForEncodings = 0;
			knownRegions = (
				en,
				Base,
			);
			mainGroup = 9A39D4EE1BCCDCBA00D10357;
			productRefGroup = 9A39D4F81BCCDCBA00D10357 /* Products */;
			projectDirPath = "";
			projectRoot = "";
			targets = (
				9A39D4F61BCCDCBA00D10357 /* CoreAnimations */,
			);
		};
/* End PBXProject section */

/* Begin PBXResourcesBuildPhase section */
		9A39D4F51BCCDCBA00D10357 /* Resources */ = {
			isa = PBXResourcesBuildPhase;
			buildActionMask = 2147483647;
			files = (
				9A39D50A1BCCDCBA00D10357 /* LaunchScreen.storyboard in Resources */,
				9A39D5071BCCDCBA00D10357 /* Assets.xcassets in Resources */,
				9A39D5051BCCDCBA00D10357 /* Main.storyboard in Resources */,
			);
			runOnlyForDeploymentPostprocessing = 0;
		};
/* End PBXResourcesBuildPhase section */

/* Begin PBXSourcesBuildPhase section */
		9A39D4F31BCCDCBA00D10357 /* Sources */ = {
			isa = PBXSourcesBuildPhase;
			buildActionMask = 2147483647;
			files = (
				9A39D5311BCCE63D00D10357 /* QQKeyController.m in Sources */,
				9A3949101BCFD573002EB950 /* FontViewController.m in Sources */,
				9A39D5021BCCDCBA00D10357 /* ViewController.m in Sources */,
				9A3949091BCFCE48002EB950 /* QQCircleBordViewController.m in Sources */,
				9A39D5281BCCE61300D10357 /* QQTransitionController.m in Sources */,
				9A39D52B1BCCE62100D10357 /* QQGroupController.m in Sources */,
				9A39490C1BCFD107002EB950 /* PathAnimationController.m in Sources */,
				9A3949001BCFA506002EB950 /* QQShapeController.m in Sources */,
				9A39D54A1BCCEB7200D10357 /* UIButton+Custom.m in Sources */,
				9A3949061BCFAA2B002EB950 /* QQCircleViewController.m in Sources */,
				9A39D4FF1BCCDCBA00D10357 /* AppDelegate.m in Sources */,
				9A39D52E1BCCE62B00D10357 /* QQBaseController.m in Sources */,
				9A39D4FC1BCCDCBA00D10357 /* main.m in Sources */,
			);
			runOnlyForDeploymentPostprocessing = 0;
		};
/* End PBXSourcesBuildPhase section */

/* Begin PBXVariantGroup section */
		9A39D5031BCCDCBA00D10357 /* Main.storyboard */ = {
			isa = PBXVariantGroup;
			children = (
				9A39D5041BCCDCBA00D10357 /* Base */,
			);
			name = Main.storyboard;
			sourceTree = "<group>";
		};
		9A39D5081BCCDCBA00D10357 /* LaunchScreen.storyboard */ = {
			isa = PBXVariantGroup;
			children = (
				9A39D5091BCCDCBA00D10357 /* Base */,
			);
			name = LaunchScreen.storyboard;
			sourceTree = "<group>";
		};
/* End PBXVariantGroup section */

/* Begin XCBuildConfiguration section */
		9A39D50C1BCCDCBA00D10357 /* Debug */ = {
			isa = XCBuildConfiguration;
			buildSettings = {
				ALWAYS_SEARCH_USER_PATHS = NO;
				CLANG_CXX_LANGUAGE_STANDARD = "gnu++0x";
				CLANG_CXX_LIBRARY = "libc++";
				CLANG_ENABLE_MODULES = YES;
				CLANG_ENABLE_OBJC_ARC = YES;
				CLANG_WARN_BOOL_CONVERSION = YES;
				CLANG_WARN_CONSTANT_CONVERSION = YES;
				CLANG_WARN_DIRECT_OBJC_ISA_USAGE = YES_ERROR;
				CLANG_WARN_EMPTY_BODY = YES;
				CLANG_WARN_ENUM_CONVERSION = YES;
				CLANG_WARN_INT_CONVERSION = YES;
				CLANG_WARN_OBJC_ROOT_CLASS = YES_ERROR;
				CLANG_WARN_UNREACHABLE_CODE = YES;
				CLANG_WARN__DUPLICATE_METHOD_MATCH = YES;
				"CODE_SIGN_IDENTITY[sdk=iphoneos*]" = "iPhone Developer";
				COPY_PHASE_STRIP = NO;
				DEBUG_INFORMATION_FORMAT = dwarf;
				ENABLE_STRICT_OBJC_MSGSEND = YES;
				ENABLE_TESTABILITY = YES;
				GCC_C_LANGUAGE_STANDARD = gnu99;
				GCC_DYNAMIC_NO_PIC = NO;
				GCC_NO_COMMON_BLOCKS = YES;
				GCC_OPTIMIZATION_LEVEL = 0;
				GCC_PREPROCESSOR_DEFINITIONS = (
					"DEBUG=1",
					"$(inherited)",
				);
				GCC_WARN_64_TO_32_BIT_CONVERSION = YES;
				GCC_WARN_ABOUT_RETURN_TYPE = YES_ERROR;
				GCC_WARN_UNDECLARED_SELECTOR = YES;
				GCC_WARN_UNINITIALIZED_AUTOS = YES_AGGRESSIVE;
				GCC_WARN_UNUSED_FUNCTION = YES;
				GCC_WARN_UNUSED_VARIABLE = YES;
				IPHONEOS_DEPLOYMENT_TARGET = 9.0;
				MTL_ENABLE_DEBUG_INFO = YES;
				ONLY_ACTIVE_ARCH = YES;
				SDKROOT = iphoneos;
			};
			name = Debug;
		};
		9A39D50D1BCCDCBA00D10357 /* Release */ = {
			isa = XCBuildConfiguration;
			buildSettings = {
				ALWAYS_SEARCH_USER_PATHS = NO;
				CLANG_CXX_LANGUAGE_STANDARD = "gnu++0x";
				CLANG_CXX_LIBRARY = "libc++";
				CLANG_ENABLE_MODULES = YES;
				CLANG_ENABLE_OBJC_ARC = YES;
				CLANG_WARN_BOOL_CONVERSION = YES;
				CLANG_WARN_CONSTANT_CONVERSION = YES;
				CLANG_WARN_DIRECT_OBJC_ISA_USAGE = YES_ERROR;
				CLANG_WARN_EMPTY_BODY = YES;
				CLANG_WARN_ENUM_CONVERSION = YES;
				CLANG_WARN_INT_CONVERSION = YES;
				CLANG_WARN_OBJC_ROOT_CLASS = YES_ERROR;
				CLANG_WARN_UNREACHABLE_CODE = YES;
				CLANG_WARN__DUPLICATE_METHOD_MATCH = YES;
				"CODE_SIGN_IDENTITY[sdk=iphoneos*]" = "iPhone Developer";
				COPY_PHASE_STRIP = NO;
				DEBUG_INFORMATION_FORMAT = "dwarf-with-dsym";
				ENABLE_NS_ASSERTIONS = NO;
				ENABLE_STRICT_OBJC_MSGSEND = YES;
				GCC_C_LANGUAGE_STANDARD = gnu99;
				GCC_NO_COMMON_BLOCKS = YES;
				GCC_WARN_64_TO_32_BIT_CONVERSION = YES;
				GCC_WARN_ABOUT_RETURN_TYPE = YES_ERROR;
				GCC_WARN_UNDECLARED_SELECTOR = YES;
				GCC_WARN_UNINITIALIZED_AUTOS = YES_AGGRESSIVE;
				GCC_WARN_UNUSED_FUNCTION = YES;
				GCC_WARN_UNUSED_VARIABLE = YES;
				IPHONEOS_DEPLOYMENT_TARGET = 9.0;
				MTL_ENABLE_DEBUG_INFO = NO;
				SDKROOT = iphoneos;
				VALIDATE_PRODUCT = YES;
			};
			name = Release;
		};
		9A39D50F1BCCDCBA00D10357 /* Debug */ = {
			isa = XCBuildConfiguration;
			buildSettings = {
				ASSETCATALOG_COMPILER_APPICON_NAME = AppIcon;
				INFOPLIST_FILE = CoreAnimations/Info.plist;
				LD_RUNPATH_SEARCH_PATHS = "$(inherited) @executable_path/Frameworks";
				PRODUCT_BUNDLE_IDENTIFIER = com.tencent.mqq.CoreAnimations;
				PRODUCT_NAME = "$(TARGET_NAME)";
			};
			name = Debug;
		};
		9A39D5101BCCDCBA00D10357 /* Release */ = {
			isa = XCBuildConfiguration;
			buildSettings = {
				ASSETCATALOG_COMPILER_APPICON_NAME = AppIcon;
				INFOPLIST_FILE = CoreAnimations/Info.plist;
				LD_RUNPATH_SEARCH_PATHS = "$(inherited) @executable_path/Frameworks";
				PRODUCT_BUNDLE_IDENTIFIER = com.tencent.mqq.CoreAnimations;
				PRODUCT_NAME = "$(TARGET_NAME)";
			};
			name = Release;
		};
/* End XCBuildConfiguration section */

/* Begin XCConfigurationList section */
		9A39D4F21BCCDCBA00D10357 /* Build configuration list for PBXProject "CoreAnimations" */ = {
			isa = XCConfigurationList;
			buildConfigurations = (
				9A39D50C1BCCDCBA00D10357 /* Debug */,
				9A39D50D1BCCDCBA00D10357 /* Release */,
			);
			defaultConfigurationIsVisible = 0;
			defaultConfigurationName = Release;
		};
		9A39D50E1BCCDCBA00D10357 /* Build configuration list for PBXNativeTarget "CoreAnimations" */ = {
			isa = XCConfigurationList;
			buildConfigurations = (
				9A39D50F1BCCDCBA00D10357 /* Debug */,
				9A39D5101BCCDCBA00D10357 /* Release */,
			);
			defaultConfigurationIsVisible = 0;
			defaultConfigurationName = Release;
		};
/* End XCConfigurationList section */
	};
	rootObject = 9A39D4EF1BCCDCBA00D10357 /* Project object */;
}
